
Microsoft Visual Studio Solution File, Format Version 12.00
# Visual Studio 15
VisualStudioVersion = 15.0.27130.2010
MinimumVisualStudioVersion = 10.0.40219.1
Project("{2150E333-8FDC-42A3-9474-1A3956D46DE8}") = "src", "src", "{947B178A-CD5A-4284-B9E6-2E961CB65C7C}"
EndProject
Project("{FAE04EC0-301F-11D3-BF4B-00C04F79EFBC}") = "Watson.Base.DotNetFramework", "src\Watson.Base.DotNetFramework\Watson.Base.DotNetFramework.csproj", "{98B80B49-8B90-4B54-9606-59F931BDB6C8}"
EndProject
Global
	GlobalSection(SolutionConfigurationPlatforms) = preSolution
		Debug|Any CPU = Debug|Any CPU
		Release|Any CPU = Release|Any CPU
	EndGlobalSection
	GlobalSection(ProjectConfigurationPlatforms) = postSolution
		{98B80B49-8B90-4B54-9606-59F931BDB6C8}.Debug|Any CPU.ActiveCfg = Debug|Any CPU
		{98B80B49-8B90-4B54-9606-59F931BDB6C8}.Debug|Any CPU.Build.0 = Debug|Any CPU
		{98B80B49-8B90-4B54-9606-59F931BDB6C8}.Release|Any CPU.ActiveCfg = Release|Any CPU
		{98B80B49-8B90-4B54-9606-59F931BDB6C8}.Release|Any CPU.Build.0 = Release|Any CPU
	EndGlobalSection
	GlobalSection(SolutionProperties) = preSolution
		HideSolutionNode = FALSE
	EndGlobalSection
	GlobalSection(NestedProjects) = preSolution
		{98B80B49-8B90-4B54-9606-59F931BDB6C8} = {947B178A-CD5A-4284-B9E6-2E961CB65C7C}
	EndGlobalSection
	GlobalSection(ExtensibilityGlobals) = postSolution
		SolutionGuid = {A8E1714F-BCB0-4C13-9687-DFAAD8767DF0}
	EndGlobalSection
EndGlobal
